Microsoft Visual Studio Solution File, Format Version 12.00
# Visual Studio Version 17
VisualStudioVersion = 17.5.2.0
MinimumVisualStudioVersion = 10.0.40219.1
Project("{FAE04EC0-301F-11D3-BF4B-00C04F79EFBC}") = "Exercise 3 - Library", "Exercise 3 - Library.csproj", "{6B592B4D-76B1-5990-8D92-6BF1D9D126A5}"
EndProject
Global
	GlobalSection(SolutionConfigurationPlatforms) = preSolution
		Debug|Any CPU = Debug|Any CPU
		Release|Any CPU = Release|Any CPU
	EndGlobalSection
	GlobalSection(ProjectConfigurationPlatforms) = postSolution
		{6B592B4D-76B1-5990-8D92-6BF1D9D126A5}.Debug|Any CPU.ActiveCfg = Debug|Any CPU
		{6B592B4D-76B1-5990-8D92-6BF1D9D126A5}.Debug|Any CPU.Build.0 = Debug|Any CPU
		{6B592B4D-76B1-5990-8D92-6BF1D9D126A5}.Release|Any CPU.ActiveCfg = Release|Any CPU
		{6B592B4D-76B1-5990-8D92-6BF1D9D126A5}.Release|Any CPU.Build.0 = Release|Any CPU
	EndGlobalSection
	GlobalSection(SolutionProperties) = preSolution
		HideSolutionNode = FALSE
	EndGlobalSection
	GlobalSection(ExtensibilityGlobals) = postSolution
		SolutionGuid = {F7D5EA07-F3F4-4D60-9A91-1E3EF64CAAB2}
	EndGlobalSection
EndGlobal
