Microsoft Visual Studio Solution File, Format Version 12.00
# Visual Studio Version 17
VisualStudioVersion = 17.5.2.0
MinimumVisualStudioVersion = 10.0.40219.1
Project("{FAE04EC0-301F-11D3-BF4B-00C04F79EFBC}") = "Exercise 2 - Specialties", "Exercise 2 - Specialties.csproj", "{A65E5ABD-D6A7-D3B0-3A0C-D180628B6CCA}"
EndProject
Global
	GlobalSection(SolutionConfigurationPlatforms) = preSolution
		Debug|Any CPU = Debug|Any CPU
		Release|Any CPU = Release|Any CPU
	EndGlobalSection
	GlobalSection(ProjectConfigurationPlatforms) = postSolution
		{A65E5ABD-D6A7-D3B0-3A0C-D180628B6CCA}.Debug|Any CPU.ActiveCfg = Debug|Any CPU
		{A65E5ABD-D6A7-D3B0-3A0C-D180628B6CCA}.Debug|Any CPU.Build.0 = Debug|Any CPU
		{A65E5ABD-D6A7-D3B0-3A0C-D180628B6CCA}.Release|Any CPU.ActiveCfg = Release|Any CPU
		{A65E5ABD-D6A7-D3B0-3A0C-D180628B6CCA}.Release|Any CPU.Build.0 = Release|Any CPU
	EndGlobalSection
	GlobalSection(SolutionProperties) = preSolution
		HideSolutionNode = FALSE
	EndGlobalSection
	GlobalSection(ExtensibilityGlobals) = postSolution
		SolutionGuid = {E6270EDE-A626-4173-A690-12EACCC1B93E}
	EndGlobalSection
EndGlobal
